
Microsoft Visual Studio Solution File, Format Version 12.00
# Visual Studio 15
VisualStudioVersion = 15.0.26430.13
MinimumVisualStudioVersion = 10.0.40219.1
Project("{8BC9CEB8-8B4A-11D0-8D11-00A0C91BC942}") = "Fibonacci", "Fibonacci\Fibonacci.vcxproj", "{F2ED1E3F-10B2-4FA9-8BF3-BFAD76B54283}"
EndProject
Project("{8BC9CEB8-8B4A-11D0-8D11-00A0C91BC942}") = "simplify", "simplify\simplify.vcxproj", "{1A526A14-A515-4D41-BA88-C093762E2DC0}"
EndProject
Project("{8BC9CEB8-8B4A-11D0-8D11-00A0C91BC942}") = "NumMax", "NumMax\NumMax.vcxproj", "{E86F81FF-2B83-46E0-94F7-BD0003843C5F}"
EndProject
Project("{8BC9CEB8-8B4A-11D0-8D11-00A0C91BC942}") = "Evidencia de aprendizaje", "Evidencia de aprendizaje\Evidencia de aprendizaje.vcxproj", "{09A41665-1AD1-4D3C-9BF8-CBF1B83C73BB}"
EndProject
Global
	GlobalSection(SolutionConfigurationPlatforms) = preSolution
		Debug|x64 = Debug|x64
		Debug|x86 = Debug|x86
		Release|x64 = Release|x64
		Release|x86 = Release|x86
	EndGlobalSection
	GlobalSection(ProjectConfigurationPlatforms) = postSolution
		{F2ED1E3F-10B2-4FA9-8BF3-BFAD76B54283}.Debug|x64.ActiveCfg = Debug|x64
		{F2ED1E3F-10B2-4FA9-8BF3-BFAD76B54283}.Debug|x64.Build.0 = Debug|x64
		{F2ED1E3F-10B2-4FA9-8BF3-BFAD76B54283}.Debug|x86.ActiveCfg = Debug|Win32
		{F2ED1E3F-10B2-4FA9-8BF3-BFAD76B54283}.Debug|x86.Build.0 = Debug|Win32
		{F2ED1E3F-10B2-4FA9-8BF3-BFAD76B54283}.Release|x64.ActiveCfg = Release|x64
		{F2ED1E3F-10B2-4FA9-8BF3-BFAD76B54283}.Release|x64.Build.0 = Release|x64
		{F2ED1E3F-10B2-4FA9-8BF3-BFAD76B54283}.Release|x86.ActiveCfg = Release|Win32
		{F2ED1E3F-10B2-4FA9-8BF3-BFAD76B54283}.Release|x86.Build.0 = Release|Win32
		{1A526A14-A515-4D41-BA88-C093762E2DC0}.Debug|x64.ActiveCfg = Debug|x64
		{1A526A14-A515-4D41-BA88-C093762E2DC0}.Debug|x64.Build.0 = Debug|x64
		{1A526A14-A515-4D41-BA88-C093762E2DC0}.Debug|x86.ActiveCfg = Debug|Win32
		{1A526A14-A515-4D41-BA88-C093762E2DC0}.Debug|x86.Build.0 = Debug|Win32
		{1A526A14-A515-4D41-BA88-C093762E2DC0}.Release|x64.ActiveCfg = Release|x64
		{1A526A14-A515-4D41-BA88-C093762E2DC0}.Release|x64.Build.0 = Release|x64
		{1A526A14-A515-4D41-BA88-C093762E2DC0}.Release|x86.ActiveCfg = Release|Win32
		{1A526A14-A515-4D41-BA88-C093762E2DC0}.Release|x86.Build.0 = Release|Win32
		{E86F81FF-2B83-46E0-94F7-BD0003843C5F}.Debug|x64.ActiveCfg = Debug|x64
		{E86F81FF-2B83-46E0-94F7-BD0003843C5F}.Debug|x64.Build.0 = Debug|x64
		{E86F81FF-2B83-46E0-94F7-BD0003843C5F}.Debug|x86.ActiveCfg = Debug|Win32
		{E86F81FF-2B83-46E0-94F7-BD0003843C5F}.Debug|x86.Build.0 = Debug|Win32
		{E86F81FF-2B83-46E0-94F7-BD0003843C5F}.Release|x64.ActiveCfg = Release|x64
		{E86F81FF-2B83-46E0-94F7-BD0003843C5F}.Release|x64.Build.0 = Release|x64
		{E86F81FF-2B83-46E0-94F7-BD0003843C5F}.Release|x86.ActiveCfg = Release|Win32
		{E86F81FF-2B83-46E0-94F7-BD0003843C5F}.Release|x86.Build.0 = Release|Win32
		{09A41665-1AD1-4D3C-9BF8-CBF1B83C73BB}.Debug|x64.ActiveCfg = Debug|x64
		{09A41665-1AD1-4D3C-9BF8-CBF1B83C73BB}.Debug|x64.Build.0 = Debug|x64
		{09A41665-1AD1-4D3C-9BF8-CBF1B83C73BB}.Debug|x86.ActiveCfg = Debug|Win32
		{09A41665-1AD1-4D3C-9BF8-CBF1B83C73BB}.Debug|x86.Build.0 = Debug|Win32
		{09A41665-1AD1-4D3C-9BF8-CBF1B83C73BB}.Release|x64.ActiveCfg = Release|x64
		{09A41665-1AD1-4D3C-9BF8-CBF1B83C73BB}.Release|x64.Build.0 = Release|x64
		{09A41665-1AD1-4D3C-9BF8-CBF1B83C73BB}.Release|x86.ActiveCfg = Release|Win32
		{09A41665-1AD1-4D3C-9BF8-CBF1B83C73BB}.Release|x86.Build.0 = Release|Win32
	EndGlobalSection
	GlobalSection(SolutionProperties) = preSolution
		HideSolutionNode = FALSE
	EndGlobalSection
EndGlobal
